
Microsoft Visual Studio Solution File, Format Version 12.00
# Visual Studio Version 17
VisualStudioVersion = 17.10.35004.147
MinimumVisualStudioVersion = 10.0.40219.1
Project("{9A19103F-16F7-4668-BE54-9A1E7A4F7556}") = "Follow_actions", "src\Follow_actions\Follow_actions.csproj", "{488D99F1-3445-48CC-BD79-D34D1EEF4F0A}"
EndProject
Global
	GlobalSection(SolutionConfigurationPlatforms) = preSolution
		Debug|x64 = Debug|x64
		Release|x64 = Release|x64
	EndGlobalSection
	GlobalSection(ProjectConfigurationPlatforms) = postSolution
		{488D99F1-3445-48CC-BD79-D34D1EEF4F0A}.Debug|x64.ActiveCfg = Debug|x64
		{488D99F1-3445-48CC-BD79-D34D1EEF4F0A}.Debug|x64.Build.0 = Debug|x64
		{488D99F1-3445-48CC-BD79-D34D1EEF4F0A}.Release|x64.ActiveCfg = Release|x64
		{488D99F1-3445-48CC-BD79-D34D1EEF4F0A}.Release|x64.Build.0 = Release|x64
	EndGlobalSection
	GlobalSection(SolutionProperties) = preSolution
		HideSolutionNode = FALSE
	EndGlobalSection
	GlobalSection(ExtensibilityGlobals) = postSolution
		SolutionGuid = {3CA9CDA4-3D07-478C-99DF-74B213BE1986}
	EndGlobalSection
EndGlobal
